
Microsoft Visual Studio Solution File, Format Version 12.00
# Visual Studio Version 17
VisualStudioVersion = 17.5.002.0
MinimumVisualStudioVersion = 10.0.40219.1
Project("{9A19103F-16F7-4668-BE54-9A1E7A4F7556}") = "sports_game", "cs\sports_game.csproj", "{585F3604-38AA-4D67-8A2C-0CB718C38B0C}"
EndProject
Global
	GlobalSection(SolutionConfigurationPlatforms) = preSolution
		Debug|Any CPU = Debug|Any CPU
		Release|Any CPU = Release|Any CPU
	EndGlobalSection
	GlobalSection(ProjectConfigurationPlatforms) = postSolution
		{585F3604-38AA-4D67-8A2C-0CB718C38B0C}.Debug|Any CPU.ActiveCfg = Debug|Any CPU
		{585F3604-38AA-4D67-8A2C-0CB718C38B0C}.Debug|Any CPU.Build.0 = Debug|Any CPU
		{585F3604-38AA-4D67-8A2C-0CB718C38B0C}.Release|Any CPU.ActiveCfg = Release|Any CPU
		{585F3604-38AA-4D67-8A2C-0CB718C38B0C}.Release|Any CPU.Build.0 = Release|Any CPU
	EndGlobalSection
	GlobalSection(SolutionProperties) = preSolution
		HideSolutionNode = FALSE
	EndGlobalSection
	GlobalSection(ExtensibilityGlobals) = postSolution
		SolutionGuid = {658F3044-C345-441F-8508-7EA82B8E389B}
	EndGlobalSection
EndGlobal
